{
  "version": 4,
  "terraform_version": "1.5.6",
  "serial": 522,
  "lineage": "b7adf261-3847-5213-2928-d1cd549cda81",
  "outputs": {},
  "resources": [
    {
      "mode": "managed",
      "type": "azurerm_resource_group",
      "name": "web-RG",
      "provider": "provider[\"registry.terraform.io/hashicorp/azurerm\"]",
      "instances": [
        {
          "schema_version": 0,
          "attributes": {
            "id": "/subscriptions/140bd411-21fe-4b66-93f9-81f6e37e9963/resourceGroups/Aztek-App-RG",
            "location": "westeurope",
            "managed_by": "",
            "name": "Aztek-App-RG",
            "tags": {
              "created_By": "None",
              "created_Date": "14-08-2024"
            },
            "timeouts": null
          },
          "sensitive_attributes": [],
          "private": "eyJlMmJmYjczMC1lY2FhLTExZTYtOGY4OC0zNDM2M2JjN2M0YzAiOnsiY3JlYXRlIjo1NDAwMDAwMDAwMDAwLCJkZWxldGUiOjU0MDAwMDAwMDAwMDAsInJlYWQiOjMwMDAwMDAwMDAwMCwidXBkYXRlIjo1NDAwMDAwMDAwMDAwfX0="
        }
      ]
    },
    {
      "mode": "managed",
      "type": "azurerm_service_plan",
      "name": "service_plan",
      "provider": "provider[\"registry.terraform.io/hashicorp/azurerm\"]",
      "instances": [
        {
          "schema_version": 1,
          "attributes": {
            "app_service_environment_id": "",
            "id": "/subscriptions/140bd411-21fe-4b66-93f9-81f6e37e9963/resourceGroups/Aztek-App-RG/providers/Microsoft.Web/serverFarms/aztek_service_plan",
            "kind": "linux",
            "location": "westeurope",
            "maximum_elastic_worker_count": 1,
            "name": "aztek_service_plan",
            "os_type": "Linux",
            "per_site_scaling_enabled": false,
            "reserved": true,
            "resource_group_name": "Aztek-App-RG",
            "sku_name": "P1v3",
            "tags": {
              "created_By": "None",
              "created_Date": "14-08-2024"
            },
            "timeouts": null,
            "worker_count": 1,
            "zone_balancing_enabled": false
          },
          "sensitive_attributes": [],
          "private": "eyJlMmJmYjczMC1lY2FhLTExZTYtOGY4OC0zNDM2M2JjN2M0YzAiOnsiY3JlYXRlIjozNjAwMDAwMDAwMDAwLCJkZWxldGUiOjM2MDAwMDAwMDAwMDAsInJlYWQiOjMwMDAwMDAwMDAwMCwidXBkYXRlIjozNjAwMDAwMDAwMDAwfSwic2NoZW1hX3ZlcnNpb24iOiIxIn0=",
          "dependencies": [
            "azurerm_resource_group.web-RG"
          ]
        }
      ]
    },
    {
      "module": "module.Application_Gateway",
      "mode": "managed",
      "type": "azurerm_application_gateway",
      "name": "app_gw",
      "provider": "provider[\"registry.terraform.io/hashicorp/azurerm\"]",
      "instances": [
        {
          "schema_version": 0,
          "attributes": {
            "authentication_certificate": [],
            "autoscale_configuration": [
              {
                "max_capacity": 2,
                "min_capacity": 1
              }
            ],
            "backend_address_pool": [
              {
                "fqdns": [
                  "aztek-idan-python-web-app.azurewebsites.net"
                ],
                "id": "/subscriptions/140bd411-21fe-4b66-93f9-81f6e37e9963/resourceGroups/Aztek-App-RG/providers/Microsoft.Network/applicationGateways/app_gw/backendAddressPools/app_gw-Back_end",
                "ip_addresses": [],
                "name": "app_gw-Back_end"
              }
            ],
            "backend_http_settings": [
              {
                "affinity_cookie_name": "",
                "authentication_certificate": [],
                "connection_draining": [],
                "cookie_based_affinity": "Disabled",
                "host_name": "",
                "id": "/subscriptions/140bd411-21fe-4b66-93f9-81f6e37e9963/resourceGroups/Aztek-App-RG/providers/Microsoft.Network/applicationGateways/app_gw/backendHttpSettingsCollection/app_gw-http_settings",
                "name": "app_gw-http_settings",
                "path": "/",
                "pick_host_name_from_backend_address": true,
                "port": 80,
                "probe_id": "/subscriptions/140bd411-21fe-4b66-93f9-81f6e37e9963/resourceGroups/Aztek-App-RG/providers/Microsoft.Network/applicationGateways/app_gw/probes/App_Probe",
                "probe_name": "App_Probe",
                "protocol": "Http",
                "request_timeout": 60,
                "trusted_root_certificate_names": []
              }
            ],
            "custom_error_configuration": [],
            "enable_http2": false,
            "fips_enabled": false,
            "firewall_policy_id": "/subscriptions/140bd411-21fe-4b66-93f9-81f6e37e9963/resourceGroups/Aztek-App-RG/providers/Microsoft.Network/applicationGatewayWebApplicationFirewallPolicies/waf_policy_agw",
            "force_firewall_policy_association": false,
            "frontend_ip_configuration": [
              {
                "id": "/subscriptions/140bd411-21fe-4b66-93f9-81f6e37e9963/resourceGroups/Aztek-App-RG/providers/Microsoft.Network/applicationGateways/app_gw/frontendIPConfigurations/app_gw-Front_end_conf",
                "name": "app_gw-Front_end_conf",
                "private_ip_address": "",
                "private_ip_address_allocation": "Dynamic",
                "private_link_configuration_id": "",
                "private_link_configuration_name": "",
                "public_ip_address_id": "/subscriptions/140bd411-21fe-4b66-93f9-81f6e37e9963/resourceGroups/Aztek-App-RG/providers/Microsoft.Network/publicIPAddresses/AGW_PublicIP",
                "subnet_id": ""
              }
            ],
            "frontend_port": [
              {
                "id": "/subscriptions/140bd411-21fe-4b66-93f9-81f6e37e9963/resourceGroups/Aztek-App-RG/providers/Microsoft.Network/applicationGateways/app_gw/frontendPorts/app_gw-Front_end_http",
                "name": "app_gw-Front_end_http",
                "port": 80
              }
            ],
            "gateway_ip_configuration": [
              {
                "id": "/subscriptions/140bd411-21fe-4b66-93f9-81f6e37e9963/resourceGroups/Aztek-App-RG/providers/Microsoft.Network/applicationGateways/app_gw/gatewayIPConfigurations/my-gateway-ip-configuration",
                "name": "my-gateway-ip-configuration",
                "subnet_id": "/subscriptions/140bd411-21fe-4b66-93f9-81f6e37e9963/resourceGroups/Aztek-App-RG/providers/Microsoft.Network/virtualNetworks/Aztek_Vnet/subnets/App_gateway_subnet"
              }
            ],
            "global": [],
            "http_listener": [
              {
                "custom_error_configuration": [],
                "firewall_policy_id": "",
                "frontend_ip_configuration_id": "/subscriptions/140bd411-21fe-4b66-93f9-81f6e37e9963/resourceGroups/Aztek-App-RG/providers/Microsoft.Network/applicationGateways/app_gw/frontendIPConfigurations/app_gw-Front_end_conf",
                "frontend_ip_configuration_name": "app_gw-Front_end_conf",
                "frontend_port_id": "/subscriptions/140bd411-21fe-4b66-93f9-81f6e37e9963/resourceGroups/Aztek-App-RG/providers/Microsoft.Network/applicationGateways/app_gw/frontendPorts/app_gw-Front_end_http",
                "frontend_port_name": "app_gw-Front_end_http",
                "host_name": "",
                "host_names": [],
                "id": "/subscriptions/140bd411-21fe-4b66-93f9-81f6e37e9963/resourceGroups/Aztek-App-RG/providers/Microsoft.Network/applicationGateways/app_gw/httpListeners/app_gw-http_listener",
                "name": "app_gw-http_listener",
                "protocol": "Http",
                "require_sni": false,
                "ssl_certificate_id": "",
                "ssl_certificate_name": "",
                "ssl_profile_id": "",
                "ssl_profile_name": ""
              }
            ],
            "id": "/subscriptions/140bd411-21fe-4b66-93f9-81f6e37e9963/resourceGroups/Aztek-App-RG/providers/Microsoft.Network/applicationGateways/app_gw",
            "identity": [],
            "location": "westeurope",
            "name": "app_gw",
            "private_endpoint_connection": [],
            "private_link_configuration": [],
            "probe": [
              {
                "host": "aztek-idan-python-web-app.azurewebsites.net",
                "id": "/subscriptions/140bd411-21fe-4b66-93f9-81f6e37e9963/resourceGroups/Aztek-App-RG/providers/Microsoft.Network/applicationGateways/app_gw/probes/App_Probe",
                "interval": 30,
                "match": [
                  {
                    "body": "",
                    "status_code": []
                  }
                ],
                "minimum_servers": 0,
                "name": "App_Probe",
                "path": "/",
                "pick_host_name_from_backend_http_settings": false,
                "port": 0,
                "protocol": "Http",
                "timeout": 30,
                "unhealthy_threshold": 3
              }
            ],
            "redirect_configuration": [],
            "request_routing_rule": [
              {
                "backend_address_pool_id": "/subscriptions/140bd411-21fe-4b66-93f9-81f6e37e9963/resourceGroups/Aztek-App-RG/providers/Microsoft.Network/applicationGateways/app_gw/backendAddressPools/app_gw-Back_end",
                "backend_address_pool_name": "app_gw-Back_end",
                "backend_http_settings_id": "/subscriptions/140bd411-21fe-4b66-93f9-81f6e37e9963/resourceGroups/Aztek-App-RG/providers/Microsoft.Network/applicationGateways/app_gw/backendHttpSettingsCollection/app_gw-http_settings",
                "backend_http_settings_name": "app_gw-http_settings",
                "http_listener_id": "/subscriptions/140bd411-21fe-4b66-93f9-81f6e37e9963/resourceGroups/Aztek-App-RG/providers/Microsoft.Network/applicationGateways/app_gw/httpListeners/app_gw-http_listener",
                "http_listener_name": "app_gw-http_listener",
                "id": "/subscriptions/140bd411-21fe-4b66-93f9-81f6e37e9963/resourceGroups/Aztek-App-RG/providers/Microsoft.Network/applicationGateways/app_gw/requestRoutingRules/app_gw-http_role",
                "name": "app_gw-http_role",
                "priority": 1,
                "redirect_configuration_id": "",
                "redirect_configuration_name": "",
                "rewrite_rule_set_id": "",
                "rewrite_rule_set_name": "",
                "rule_type": "Basic",
                "url_path_map_id": "",
                "url_path_map_name": ""
              }
            ],
            "resource_group_name": "Aztek-App-RG",
            "rewrite_rule_set": [],
            "sku": [
              {
                "capacity": 0,
                "name": "WAF_v2",
                "tier": "WAF_v2"
              }
            ],
            "ssl_certificate": [],
            "ssl_policy": [
              {
                "cipher_suites": [],
                "disabled_protocols": [],
                "min_protocol_version": "",
                "policy_name": "AppGwSslPolicy20150501",
                "policy_type": "Predefined"
              }
            ],
            "ssl_profile": [],
            "tags": {
              "created_By": "None",
              "created_Date": "14-08-2024"
            },
            "timeouts": null,
            "trusted_client_certificate": [],
            "trusted_root_certificate": [],
            "url_path_map": [],
            "waf_configuration": [
              {
                "disabled_rule_group": [],
                "enabled": true,
                "exclusion": [],
                "file_upload_limit_mb": 100,
                "firewall_mode": "Prevention",
                "max_request_body_size_kb": 128,
                "request_body_check": true,
                "rule_set_type": "OWASP",
                "rule_set_version": "3.2"
              }
            ],
            "zones": null
          },
          "sensitive_attributes": [
            [
              {
                "type": "get_attr",
                "value": "gateway_ip_configuration"
              },
              {
                "type": "index",
                "value": {
                  "value": 0,
                  "type": "number"
                }
              },
              {
                "type": "get_attr",
                "value": "subnet_id"
              }
            ]
          ],
          "private": "eyJlMmJmYjczMC1lY2FhLTExZTYtOGY4OC0zNDM2M2JjN2M0YzAiOnsiY3JlYXRlIjo1NDAwMDAwMDAwMDAwLCJkZWxldGUiOjU0MDAwMDAwMDAwMDAsInJlYWQiOjMwMDAwMDAwMDAwMCwidXBkYXRlIjo1NDAwMDAwMDAwMDAwfX0=",
          "dependencies": [
            "azurerm_resource_group.web-RG",
            "azurerm_service_plan.service_plan",
            "module.Application_Gateway.azurerm_public_ip.pip",
            "module.Application_Gateway.azurerm_web_application_firewall_policy.waf_policy_agw",
            "module.Virtual_Network.azurerm_subnet.App_gateway_subnet",
            "module.Virtual_Network.azurerm_virtual_network.Aztek_Vnet",
            "module.web_app.azurerm_linux_web_app.Web-app"
          ]
        }
      ]
    },
    {
      "module": "module.Application_Gateway",
      "mode": "managed",
      "type": "azurerm_public_ip",
      "name": "pip",
      "provider": "provider[\"registry.terraform.io/hashicorp/azurerm\"]",
      "instances": [
        {
          "schema_version": 0,
          "attributes": {
            "allocation_method": "Static",
            "ddos_protection_mode": "VirtualNetworkInherited",
            "ddos_protection_plan_id": null,
            "domain_name_label": null,
            "edge_zone": "",
            "fqdn": null,
            "id": "/subscriptions/140bd411-21fe-4b66-93f9-81f6e37e9963/resourceGroups/Aztek-App-RG/providers/Microsoft.Network/publicIPAddresses/AGW_PublicIP",
            "idle_timeout_in_minutes": 4,
            "ip_address": "104.45.59.47",
            "ip_tags": null,
            "ip_version": "IPv4",
            "location": "westeurope",
            "name": "AGW_PublicIP",
            "public_ip_prefix_id": null,
            "resource_group_name": "Aztek-App-RG",
            "reverse_fqdn": null,
            "sku": "Standard",
            "sku_tier": "Regional",
            "tags": {
              "created_By": "None",
              "created_Date": "14-08-2024"
            },
            "timeouts": null,
            "zones": null
          },
          "sensitive_attributes": [],
          "private": "eyJlMmJmYjczMC1lY2FhLTExZTYtOGY4OC0zNDM2M2JjN2M0YzAiOnsiY3JlYXRlIjoxODAwMDAwMDAwMDAwLCJkZWxldGUiOjE4MDAwMDAwMDAwMDAsInJlYWQiOjMwMDAwMDAwMDAwMCwidXBkYXRlIjoxODAwMDAwMDAwMDAwfX0=",
          "dependencies": [
            "azurerm_resource_group.web-RG"
          ]
        }
      ]
    },
    {
      "module": "module.Application_Gateway",
      "mode": "managed",
      "type": "azurerm_web_application_firewall_policy",
      "name": "waf_policy_agw",
      "provider": "provider[\"registry.terraform.io/hashicorp/azurerm\"]",
      "instances": [
        {
          "schema_version": 1,
          "attributes": {
            "custom_rules": [
              {
                "action": "Block",
                "enabled": true,
                "group_rate_limit_by": "",
                "match_conditions": [
                  {
                    "match_values": null,
                    "match_variables": [
                      {
                        "selector": "X-Azure-FDID",
                        "variable_name": "RequestHeaders"
                      }
                    ],
                    "negation_condition": true,
                    "operator": "Any",
                    "transforms": null
                  }
                ],
                "name": "Rule1",
                "priority": 1,
                "rate_limit_duration": "",
                "rate_limit_threshold": 0,
                "rule_type": "MatchRule"
              }
            ],
            "http_listener_ids": [],
            "id": "/subscriptions/140bd411-21fe-4b66-93f9-81f6e37e9963/resourceGroups/Aztek-App-RG/providers/Microsoft.Network/applicationGatewayWebApplicationFirewallPolicies/waf_policy_agw",
            "location": "westeurope",
            "managed_rules": [
              {
                "exclusion": [],
                "managed_rule_set": [
                  {
                    "rule_group_override": [],
                    "type": "OWASP",
                    "version": "3.2"
                  }
                ]
              }
            ],
            "name": "waf_policy_agw",
            "path_based_rule_ids": [],
            "policy_settings": [
              {
                "enabled": true,
                "file_upload_limit_in_mb": 100,
                "log_scrubbing": [],
                "max_request_body_size_in_kb": 128,
                "mode": "Prevention",
                "request_body_check": true,
                "request_body_inspect_limit_in_kb": 128
              }
            ],
            "resource_group_name": "Aztek-App-RG",
            "tags": {
              "created_By": "None",
              "created_Date": "14-08-2024"
            },
            "timeouts": null
          },
          "sensitive_attributes": [],
          "private": "eyJlMmJmYjczMC1lY2FhLTExZTYtOGY4OC0zNDM2M2JjN2M0YzAiOnsiY3JlYXRlIjoxODAwMDAwMDAwMDAwLCJkZWxldGUiOjE4MDAwMDAwMDAwMDAsInJlYWQiOjMwMDAwMDAwMDAwMCwidXBkYXRlIjoxODAwMDAwMDAwMDAwfSwic2NoZW1hX3ZlcnNpb24iOiIxIn0=",
          "dependencies": [
            "azurerm_resource_group.web-RG"
          ]
        }
      ]
    },
    {
      "module": "module.Azure_Front_Door",
      "mode": "managed",
      "type": "azurerm_cdn_frontdoor_endpoint",
      "name": "endpoint",
      "provider": "module.Azure_Front_Door.provider[\"registry.terraform.io/hashicorp/azurerm\"]",
      "instances": [
        {
          "schema_version": 0,
          "attributes": {
            "cdn_frontdoor_profile_id": "/subscriptions/140bd411-21fe-4b66-93f9-81f6e37e9963/resourceGroups/Aztek-App-RG/providers/Microsoft.Cdn/profiles/FrontDoorProfile",
            "enabled": true,
            "host_name": "Aztek-PyApp-afd-e6ehgka2c5bnc5es.z01.azurefd.net",
            "id": "/subscriptions/140bd411-21fe-4b66-93f9-81f6e37e9963/resourceGroups/Aztek-App-RG/providers/Microsoft.Cdn/profiles/FrontDoorProfile/afdEndpoints/Aztek-PyApp-afd",
            "name": "Aztek-PyApp-afd",
            "tags": {
              "created_By": "None",
              "created_Date": "14-08-2024"
            },
            "timeouts": null
          },
          "sensitive_attributes": [],
          "private": "eyJlMmJmYjczMC1lY2FhLTExZTYtOGY4OC0zNDM2M2JjN2M0YzAiOnsiY3JlYXRlIjoxODAwMDAwMDAwMDAwLCJkZWxldGUiOjE4MDAwMDAwMDAwMDAsInJlYWQiOjMwMDAwMDAwMDAwMCwidXBkYXRlIjoxODAwMDAwMDAwMDAwfX0=",
          "dependencies": [
            "azurerm_resource_group.web-RG",
            "module.Azure_Front_Door.azurerm_cdn_frontdoor_profile.front_door_profile"
          ]
        }
      ]
    },
    {
      "module": "module.Azure_Front_Door",
      "mode": "managed",
      "type": "azurerm_cdn_frontdoor_origin",
      "name": "app_gw_origin",
      "provider": "module.Azure_Front_Door.provider[\"registry.terraform.io/hashicorp/azurerm\"]",
      "instances": [
        {
          "schema_version": 0,
          "attributes": {
            "cdn_frontdoor_origin_group_id": "/subscriptions/140bd411-21fe-4b66-93f9-81f6e37e9963/resourceGroups/Aztek-App-RG/providers/Microsoft.Cdn/profiles/FrontDoorProfile/originGroups/OriginGroup",
            "certificate_name_check_enabled": false,
            "enabled": true,
            "health_probes_enabled": true,
            "host_name": "104.45.59.47",
            "http_port": 80,
            "https_port": 443,
            "id": "/subscriptions/140bd411-21fe-4b66-93f9-81f6e37e9963/resourceGroups/Aztek-App-RG/providers/Microsoft.Cdn/profiles/FrontDoorProfile/originGroups/OriginGroup/origins/AppServiceOrigin",
            "name": "AppServiceOrigin",
            "origin_host_header": "",
            "priority": 1,
            "private_link": [],
            "timeouts": null,
            "weight": 1000
          },
          "sensitive_attributes": [],
          "private": "eyJlMmJmYjczMC1lY2FhLTExZTYtOGY4OC0zNDM2M2JjN2M0YzAiOnsiY3JlYXRlIjoxODAwMDAwMDAwMDAwLCJkZWxldGUiOjE4MDAwMDAwMDAwMDAsInJlYWQiOjMwMDAwMDAwMDAwMCwidXBkYXRlIjoxODAwMDAwMDAwMDAwfX0=",
          "dependencies": [
            "azurerm_resource_group.web-RG",
            "module.Application_Gateway.azurerm_public_ip.pip",
            "module.Azure_Front_Door.azurerm_cdn_frontdoor_origin_group.origin_group",
            "module.Azure_Front_Door.azurerm_cdn_frontdoor_profile.front_door_profile"
          ]
        }
      ]
    },
    {
      "module": "module.Azure_Front_Door",
      "mode": "managed",
      "type": "azurerm_cdn_frontdoor_origin_group",
      "name": "origin_group",
      "provider": "module.Azure_Front_Door.provider[\"registry.terraform.io/hashicorp/azurerm\"]",
      "instances": [
        {
          "schema_version": 0,
          "attributes": {
            "cdn_frontdoor_profile_id": "/subscriptions/140bd411-21fe-4b66-93f9-81f6e37e9963/resourceGroups/Aztek-App-RG/providers/Microsoft.Cdn/profiles/FrontDoorProfile",
            "health_probe": [
              {
                "interval_in_seconds": 100,
                "path": "/",
                "protocol": "Http",
                "request_type": "GET"
              }
            ],
            "id": "/subscriptions/140bd411-21fe-4b66-93f9-81f6e37e9963/resourceGroups/Aztek-App-RG/providers/Microsoft.Cdn/profiles/FrontDoorProfile/originGroups/OriginGroup",
            "load_balancing": [
              {
                "additional_latency_in_milliseconds": 50,
                "sample_size": 1,
                "successful_samples_required": 1
              }
            ],
            "name": "OriginGroup",
            "restore_traffic_time_to_healed_or_new_endpoint_in_minutes": 10,
            "session_affinity_enabled": true,
            "timeouts": null
          },
          "sensitive_attributes": [],
          "private": "eyJlMmJmYjczMC1lY2FhLTExZTYtOGY4OC0zNDM2M2JjN2M0YzAiOnsiY3JlYXRlIjoxODAwMDAwMDAwMDAwLCJkZWxldGUiOjE4MDAwMDAwMDAwMDAsInJlYWQiOjMwMDAwMDAwMDAwMCwidXBkYXRlIjoxODAwMDAwMDAwMDAwfX0=",
          "dependencies": [
            "azurerm_resource_group.web-RG",
            "module.Azure_Front_Door.azurerm_cdn_frontdoor_profile.front_door_profile"
          ]
        }
      ]
    },
    {
      "module": "module.Azure_Front_Door",
      "mode": "managed",
      "type": "azurerm_cdn_frontdoor_profile",
      "name": "front_door_profile",
      "provider": "module.Azure_Front_Door.provider[\"registry.terraform.io/hashicorp/azurerm\"]",
      "instances": [
        {
          "schema_version": 0,
          "attributes": {
            "id": "/subscriptions/140bd411-21fe-4b66-93f9-81f6e37e9963/resourceGroups/Aztek-App-RG/providers/Microsoft.Cdn/profiles/FrontDoorProfile",
            "name": "FrontDoorProfile",
            "resource_group_name": "Aztek-App-RG",
            "resource_guid": "09ad9d84-daa2-4c98-aca1-603ca5c7df2c",
            "response_timeout_seconds": 120,
            "sku_name": "Standard_AzureFrontDoor",
            "tags": {
              "created_By": "None",
              "created_Date": "14-08-2024"
            },
            "timeouts": null
          },
          "sensitive_attributes": [],
          "private": "eyJlMmJmYjczMC1lY2FhLTExZTYtOGY4OC0zNDM2M2JjN2M0YzAiOnsiY3JlYXRlIjoxODAwMDAwMDAwMDAwLCJkZWxldGUiOjE4MDAwMDAwMDAwMDAsInJlYWQiOjMwMDAwMDAwMDAwMCwidXBkYXRlIjoxODAwMDAwMDAwMDAwfX0=",
          "dependencies": [
            "azurerm_resource_group.web-RG"
          ]
        }
      ]
    },
    {
      "module": "module.Azure_Front_Door",
      "mode": "managed",
      "type": "azurerm_cdn_frontdoor_route",
      "name": "my_route",
      "provider": "module.Azure_Front_Door.provider[\"registry.terraform.io/hashicorp/azurerm\"]",
      "instances": [
        {
          "schema_version": 0,
          "attributes": {
            "cache": [],
            "cdn_frontdoor_custom_domain_ids": null,
            "cdn_frontdoor_endpoint_id": "/subscriptions/140bd411-21fe-4b66-93f9-81f6e37e9963/resourceGroups/Aztek-App-RG/providers/Microsoft.Cdn/profiles/FrontDoorProfile/afdEndpoints/Aztek-PyApp-afd",
            "cdn_frontdoor_origin_group_id": "/subscriptions/140bd411-21fe-4b66-93f9-81f6e37e9963/resourceGroups/Aztek-App-RG/providers/Microsoft.Cdn/profiles/FrontDoorProfile/originGroups/OriginGroup",
            "cdn_frontdoor_origin_ids": [
              "/subscriptions/140bd411-21fe-4b66-93f9-81f6e37e9963/resourceGroups/Aztek-App-RG/providers/Microsoft.Cdn/profiles/FrontDoorProfile/originGroups/OriginGroup/origins/AppServiceOrigin"
            ],
            "cdn_frontdoor_origin_path": "/",
            "cdn_frontdoor_rule_set_ids": null,
            "enabled": true,
            "forwarding_protocol": "HttpOnly",
            "https_redirect_enabled": false,
            "id": "/subscriptions/140bd411-21fe-4b66-93f9-81f6e37e9963/resourceGroups/Aztek-App-RG/providers/Microsoft.Cdn/profiles/FrontDoorProfile/afdEndpoints/Aztek-PyApp-afd/routes/Route",
            "link_to_default_domain": true,
            "name": "Route",
            "patterns_to_match": [
              "/*"
            ],
            "supported_protocols": [
              "Http"
            ],
            "timeouts": null
          },
          "sensitive_attributes": [],
          "private": "eyJlMmJmYjczMC1lY2FhLTExZTYtOGY4OC0zNDM2M2JjN2M0YzAiOnsiY3JlYXRlIjoxODAwMDAwMDAwMDAwLCJkZWxldGUiOjE4MDAwMDAwMDAwMDAsInJlYWQiOjMwMDAwMDAwMDAwMCwidXBkYXRlIjoxODAwMDAwMDAwMDAwfX0=",
          "dependencies": [
            "azurerm_resource_group.web-RG",
            "module.Application_Gateway.azurerm_public_ip.pip",
            "module.Azure_Front_Door.azurerm_cdn_frontdoor_endpoint.endpoint",
            "module.Azure_Front_Door.azurerm_cdn_frontdoor_origin.app_gw_origin",
            "module.Azure_Front_Door.azurerm_cdn_frontdoor_origin_group.origin_group",
            "module.Azure_Front_Door.azurerm_cdn_frontdoor_profile.front_door_profile"
          ]
        }
      ]
    },
    {
      "module": "module.Virtual_Network",
      "mode": "managed",
      "type": "azurerm_network_security_group",
      "name": "App_gateway_nsg",
      "provider": "provider[\"registry.terraform.io/hashicorp/azurerm\"]",
      "instances": [
        {
          "schema_version": 0,
          "attributes": {
            "id": "/subscriptions/140bd411-21fe-4b66-93f9-81f6e37e9963/resourceGroups/Aztek-App-RG/providers/Microsoft.Network/networkSecurityGroups/App_gateway_nsg",
            "location": "westeurope",
            "name": "App_gateway_nsg",
            "resource_group_name": "Aztek-App-RG",
            "security_rule": [
              {
                "access": "Allow",
                "description": "",
                "destination_address_prefix": "*",
                "destination_address_prefixes": [],
                "destination_application_security_group_ids": [],
                "destination_port_range": "",
                "destination_port_ranges": [
                  "65200-65535"
                ],
                "direction": "Inbound",
                "name": "Mandatory_Port_for_gw",
                "priority": 100,
                "protocol": "*",
                "source_address_prefix": "GatewayManager",
                "source_address_prefixes": [],
                "source_application_security_group_ids": [],
                "source_port_range": "*",
                "source_port_ranges": []
              },
              {
                "access": "Allow",
                "description": "",
                "destination_address_prefix": "VirtualNetwork",
                "destination_address_prefixes": [],
                "destination_application_security_group_ids": [],
                "destination_port_range": "80",
                "destination_port_ranges": [],
                "direction": "Inbound",
                "name": "Allow_Front_Door",
                "priority": 110,
                "protocol": "Tcp",
                "source_address_prefix": "AzureFrontDoor.Backend",
                "source_address_prefixes": [],
                "source_application_security_group_ids": [],
                "source_port_range": "*",
                "source_port_ranges": []
              }
            ],
            "tags": {
              "created_By": "None",
              "created_Date": "14-08-2024"
            },
            "timeouts": null
          },
          "sensitive_attributes": [],
          "private": "eyJlMmJmYjczMC1lY2FhLTExZTYtOGY4OC0zNDM2M2JjN2M0YzAiOnsiY3JlYXRlIjoxODAwMDAwMDAwMDAwLCJkZWxldGUiOjE4MDAwMDAwMDAwMDAsInJlYWQiOjMwMDAwMDAwMDAwMCwidXBkYXRlIjoxODAwMDAwMDAwMDAwfX0=",
          "dependencies": [
            "azurerm_resource_group.web-RG"
          ]
        }
      ]
    },
    {
      "module": "module.Virtual_Network",
      "mode": "managed",
      "type": "azurerm_subnet",
      "name": "App_gateway_subnet",
      "provider": "provider[\"registry.terraform.io/hashicorp/azurerm\"]",
      "instances": [
        {
          "schema_version": 0,
          "attributes": {
            "address_prefixes": [
              "10.0.1.0/24"
            ],
            "default_outbound_access_enabled": true,
            "delegation": [],
            "enforce_private_link_endpoint_network_policies": false,
            "enforce_private_link_service_network_policies": false,
            "id": "/subscriptions/140bd411-21fe-4b66-93f9-81f6e37e9963/resourceGroups/Aztek-App-RG/providers/Microsoft.Network/virtualNetworks/Aztek_Vnet/subnets/App_gateway_subnet",
            "name": "App_gateway_subnet",
            "private_endpoint_network_policies": "Enabled",
            "private_endpoint_network_policies_enabled": true,
            "private_link_service_network_policies_enabled": true,
            "resource_group_name": "Aztek-App-RG",
            "service_endpoint_policy_ids": null,
            "service_endpoints": [
              "Microsoft.Web"
            ],
            "timeouts": null,
            "virtual_network_name": "Aztek_Vnet"
          },
          "sensitive_attributes": [],
          "private": "eyJlMmJmYjczMC1lY2FhLTExZTYtOGY4OC0zNDM2M2JjN2M0YzAiOnsiY3JlYXRlIjoxODAwMDAwMDAwMDAwLCJkZWxldGUiOjE4MDAwMDAwMDAwMDAsInJlYWQiOjMwMDAwMDAwMDAwMCwidXBkYXRlIjoxODAwMDAwMDAwMDAwfX0=",
          "dependencies": [
            "azurerm_resource_group.web-RG",
            "module.Virtual_Network.azurerm_virtual_network.Aztek_Vnet"
          ]
        }
      ]
    },
    {
      "module": "module.Virtual_Network",
      "mode": "managed",
      "type": "azurerm_subnet_network_security_group_association",
      "name": "nsg_gw_subnet",
      "provider": "provider[\"registry.terraform.io/hashicorp/azurerm\"]",
      "instances": [
        {
          "schema_version": 0,
          "attributes": {
            "id": "/subscriptions/140bd411-21fe-4b66-93f9-81f6e37e9963/resourceGroups/Aztek-App-RG/providers/Microsoft.Network/virtualNetworks/Aztek_Vnet/subnets/App_gateway_subnet",
            "network_security_group_id": "/subscriptions/140bd411-21fe-4b66-93f9-81f6e37e9963/resourceGroups/Aztek-App-RG/providers/Microsoft.Network/networkSecurityGroups/App_gateway_nsg",
            "subnet_id": "/subscriptions/140bd411-21fe-4b66-93f9-81f6e37e9963/resourceGroups/Aztek-App-RG/providers/Microsoft.Network/virtualNetworks/Aztek_Vnet/subnets/App_gateway_subnet",
            "timeouts": null
          },
          "sensitive_attributes": [],
          "private": "eyJlMmJmYjczMC1lY2FhLTExZTYtOGY4OC0zNDM2M2JjN2M0YzAiOnsiY3JlYXRlIjoxODAwMDAwMDAwMDAwLCJkZWxldGUiOjE4MDAwMDAwMDAwMDAsInJlYWQiOjMwMDAwMDAwMDAwMH19",
          "dependencies": [
            "azurerm_resource_group.web-RG",
            "module.Virtual_Network.azurerm_network_security_group.App_gateway_nsg",
            "module.Virtual_Network.azurerm_subnet.App_gateway_subnet",
            "module.Virtual_Network.azurerm_virtual_network.Aztek_Vnet"
          ]
        }
      ]
    },
    {
      "module": "module.Virtual_Network",
      "mode": "managed",
      "type": "azurerm_virtual_network",
      "name": "Aztek_Vnet",
      "provider": "provider[\"registry.terraform.io/hashicorp/azurerm\"]",
      "instances": [
        {
          "schema_version": 0,
          "attributes": {
            "address_space": [
              "10.0.0.0/16"
            ],
            "bgp_community": "",
            "ddos_protection_plan": [],
            "dns_servers": [],
            "edge_zone": "",
            "encryption": [],
            "flow_timeout_in_minutes": 0,
            "guid": "5f3a9072-7dc7-493e-bd69-014ef1a0da42",
            "id": "/subscriptions/140bd411-21fe-4b66-93f9-81f6e37e9963/resourceGroups/Aztek-App-RG/providers/Microsoft.Network/virtualNetworks/Aztek_Vnet",
            "location": "westeurope",
            "name": "Aztek_Vnet",
            "resource_group_name": "Aztek-App-RG",
            "subnet": [],
            "tags": {
              "created_By": "None",
              "created_Date": "14-08-2024"
            },
            "timeouts": null
          },
          "sensitive_attributes": [],
          "private": "eyJlMmJmYjczMC1lY2FhLTExZTYtOGY4OC0zNDM2M2JjN2M0YzAiOnsiY3JlYXRlIjoxODAwMDAwMDAwMDAwLCJkZWxldGUiOjE4MDAwMDAwMDAwMDAsInJlYWQiOjMwMDAwMDAwMDAwMCwidXBkYXRlIjoxODAwMDAwMDAwMDAwfX0=",
          "dependencies": [
            "azurerm_resource_group.web-RG"
          ]
        }
      ]
    },
    {
      "module": "module.monitoring",
      "mode": "managed",
      "type": "azurerm_monitor_autoscale_setting",
      "name": "as_conf_for_plan",
      "provider": "provider[\"registry.terraform.io/hashicorp/azurerm\"]",
      "instances": [
        {
          "schema_version": 2,
          "attributes": {
            "enabled": true,
            "id": "/subscriptions/140bd411-21fe-4b66-93f9-81f6e37e9963/resourceGroups/Aztek-App-RG/providers/Microsoft.Insights/autoScaleSettings/As_configure_for_app_plan",
            "location": "westeurope",
            "name": "As_configure_for_app_plan",
            "notification": [],
            "predictive": [],
            "profile": [
              {
                "capacity": [
                  {
                    "default": 1,
                    "maximum": 2,
                    "minimum": 1
                  }
                ],
                "fixed_date": [],
                "name": "Plan_Profile",
                "recurrence": [],
                "rule": [
                  {
                    "metric_trigger": [
                      {
                        "dimensions": [],
                        "divide_by_instance_count": false,
                        "metric_name": "CpuPercentage",
                        "metric_namespace": "",
                        "metric_resource_id": "/subscriptions/140bd411-21fe-4b66-93f9-81f6e37e9963/resourceGroups/Aztek-App-RG/providers/Microsoft.Web/serverFarms/aztek_service_plan",
                        "operator": "GreaterThanOrEqual",
                        "statistic": "Average",
                        "threshold": 90,
                        "time_aggregation": "Average",
                        "time_grain": "PT5M",
                        "time_window": "PT20M"
                      }
                    ],
                    "scale_action": [
                      {
                        "cooldown": "PT10M",
                        "direction": "Increase",
                        "type": "ChangeCount",
                        "value": 1
                      }
                    ]
                  },
                  {
                    "metric_trigger": [
                      {
                        "dimensions": [],
                        "divide_by_instance_count": false,
                        "metric_name": "CpuPercentage",
                        "metric_namespace": "",
                        "metric_resource_id": "/subscriptions/140bd411-21fe-4b66-93f9-81f6e37e9963/resourceGroups/Aztek-App-RG/providers/Microsoft.Web/serverFarms/aztek_service_plan",
                        "operator": "LessThan",
                        "statistic": "Average",
                        "threshold": 45,
                        "time_aggregation": "Average",
                        "time_grain": "PT5M",
                        "time_window": "PT20M"
                      }
                    ],
                    "scale_action": [
                      {
                        "cooldown": "PT10M",
                        "direction": "Decrease",
                        "type": "ChangeCount",
                        "value": 1
                      }
                    ]
                  }
                ]
              }
            ],
            "resource_group_name": "Aztek-App-RG",
            "tags": {
              "created_By": "None",
              "created_Date": "14-08-2024"
            },
            "target_resource_id": "/subscriptions/140bd411-21fe-4b66-93f9-81f6e37e9963/resourceGroups/Aztek-App-RG/providers/Microsoft.Web/serverFarms/aztek_service_plan",
            "timeouts": null
          },
          "sensitive_attributes": [],
          "private": "eyJlMmJmYjczMC1lY2FhLTExZTYtOGY4OC0zNDM2M2JjN2M0YzAiOnsiY3JlYXRlIjoxODAwMDAwMDAwMDAwLCJkZWxldGUiOjE4MDAwMDAwMDAwMDAsInJlYWQiOjMwMDAwMDAwMDAwMCwidXBkYXRlIjoxODAwMDAwMDAwMDAwfSwic2NoZW1hX3ZlcnNpb24iOiIyIn0=",
          "dependencies": [
            "azurerm_resource_group.web-RG",
            "azurerm_service_plan.service_plan"
          ]
        }
      ]
    },
    {
      "module": "module.web_app",
      "mode": "managed",
      "type": "azurerm_linux_web_app",
      "name": "Web-app",
      "provider": "provider[\"registry.terraform.io/hashicorp/azurerm\"]",
      "instances": [
        {
          "schema_version": 1,
          "attributes": {
            "app_settings": {
              "SCM_DO_BUILD_DURING_DEPLOYMENT": "true",
              "WEBSITE_RUN_FROM_PACKAGE": "1"
            },
            "auth_settings": [],
            "auth_settings_v2": [],
            "backup": [],
            "client_affinity_enabled": false,
            "client_certificate_enabled": false,
            "client_certificate_exclusion_paths": "",
            "client_certificate_mode": "Required",
            "connection_string": [],
            "custom_domain_verification_id": "953443ABB767E3C9847CC32F524C044D0982C8BD5C97FF38065E896D87450FC6",
            "default_hostname": "aztek-idan-python-web-app.azurewebsites.net",
            "enabled": true,
            "ftp_publish_basic_authentication_enabled": true,
            "hosting_environment_id": "",
            "https_only": false,
            "id": "/subscriptions/140bd411-21fe-4b66-93f9-81f6e37e9963/resourceGroups/Aztek-App-RG/providers/Microsoft.Web/sites/aztek-idan-python-web-app",
            "identity": [],
            "key_vault_reference_identity_id": "SystemAssigned",
            "kind": "app,linux",
            "location": "westeurope",
            "logs": [],
            "name": "aztek-idan-python-web-app",
            "outbound_ip_address_list": [
              "20.8.42.92",
              "20.8.42.104",
              "20.8.42.132",
              "20.8.42.140",
              "20.8.42.183",
              "20.8.42.191",
              "20.105.216.48"
            ],
            "outbound_ip_addresses": "20.8.42.92,20.8.42.104,20.8.42.132,20.8.42.140,20.8.42.183,20.8.42.191,20.105.216.48",
            "possible_outbound_ip_address_list": [
              "20.8.42.222",
              "20.8.42.236",
              "20.8.43.10",
              "20.8.43.20",
              "20.8.43.33",
              "20.8.43.54",
              "4.175.153.207",
              "4.175.159.171",
              "4.175.156.169",
              "4.175.159.130",
              "20.8.40.20",
              "20.8.41.102",
              "20.8.41.167",
              "4.175.156.31",
              "20.8.41.170",
              "20.8.42.4",
              "20.8.42.64",
              "20.8.42.86",
              "20.8.42.92",
              "20.8.42.104",
              "20.8.42.132",
              "20.8.42.140",
              "20.8.42.183",
              "20.8.42.191",
              "20.8.42.222",
              "20.8.42.236",
              "20.8.43.10",
              "20.8.43.20",
              "20.8.43.33",
              "20.8.43.54",
              "20.8.43.57",
              "20.8.43.84",
              "20.8.43.124",
              "20.8.43.160",
              "20.8.43.169",
              "20.8.43.181",
              "20.105.216.48"
            ],
            "possible_outbound_ip_addresses": "20.8.42.222,20.8.42.236,20.8.43.10,20.8.43.20,20.8.43.33,20.8.43.54,4.175.153.207,4.175.159.171,4.175.156.169,4.175.159.130,20.8.40.20,20.8.41.102,20.8.41.167,4.175.156.31,20.8.41.170,20.8.42.4,20.8.42.64,20.8.42.86,20.8.42.92,20.8.42.104,20.8.42.132,20.8.42.140,20.8.42.183,20.8.42.191,20.8.42.222,20.8.42.236,20.8.43.10,20.8.43.20,20.8.43.33,20.8.43.54,20.8.43.57,20.8.43.84,20.8.43.124,20.8.43.160,20.8.43.169,20.8.43.181,20.105.216.48",
            "public_network_access_enabled": true,
            "resource_group_name": "Aztek-App-RG",
            "service_plan_id": "/subscriptions/140bd411-21fe-4b66-93f9-81f6e37e9963/resourceGroups/Aztek-App-RG/providers/Microsoft.Web/serverFarms/aztek_service_plan",
            "site_config": [
              {
                "always_on": true,
                "api_definition_url": "",
                "api_management_api_id": "",
                "app_command_line": "",
                "application_stack": [
                  {
                    "docker_image": "",
                    "docker_image_name": "",
                    "docker_image_tag": "",
                    "docker_registry_password": "",
                    "docker_registry_url": "",
                    "docker_registry_username": "",
                    "dotnet_version": "",
                    "go_version": "",
                    "java_server": "",
                    "java_server_version": "",
                    "java_version": "",
                    "node_version": "",
                    "php_version": "",
                    "python_version": "3.12",
                    "ruby_version": ""
                  }
                ],
                "auto_heal_enabled": false,
                "auto_heal_setting": [],
                "container_registry_managed_identity_client_id": "",
                "container_registry_use_managed_identity": false,
                "cors": [],
                "default_documents": [
                  "Default.htm",
                  "Default.html",
                  "Default.asp",
                  "index.htm",
                  "index.html",
                  "iisstart.htm",
                  "default.aspx",
                  "index.php",
                  "hostingstart.html"
                ],
                "detailed_error_logging_enabled": false,
                "ftps_state": "Disabled",
                "health_check_eviction_time_in_min": 0,
                "health_check_path": "",
                "http2_enabled": false,
                "ip_restriction": [
                  {
                    "action": "Allow",
                    "description": "",
                    "headers": null,
                    "ip_address": "",
                    "name": "allow-App_gateway_subnet",
                    "priority": 1,
                    "service_tag": "",
                    "virtual_network_subnet_id": "/subscriptions/140bd411-21fe-4b66-93f9-81f6e37e9963/resourceGroups/Aztek-App-RG/providers/Microsoft.Network/virtualNetworks/Aztek_Vnet/subnets/App_gateway_subnet"
                  },
                  {
                    "action": "Deny",
                    "description": "",
                    "headers": null,
                    "ip_address": "0.0.0.0/0",
                    "name": "Deny all access",
                    "priority": 2000,
                    "service_tag": "",
                    "virtual_network_subnet_id": ""
                  }
                ],
                "ip_restriction_default_action": "Allow",
                "linux_fx_version": "PYTHON|3.12",
                "load_balancing_mode": "LeastRequests",
                "local_mysql_enabled": false,
                "managed_pipeline_mode": "Integrated",
                "minimum_tls_version": "1.2",
                "remote_debugging_enabled": false,
                "remote_debugging_version": "VS2022",
                "scm_ip_restriction": [],
                "scm_ip_restriction_default_action": "Allow",
                "scm_minimum_tls_version": "1.2",
                "scm_type": "None",
                "scm_use_main_ip_restriction": false,
                "use_32_bit_worker": false,
                "vnet_route_all_enabled": false,
                "websockets_enabled": false,
                "worker_count": 1
              }
            ],
            "site_credential": [
              {
                "name": "$aztek-idan-python-web-app",
                "password": "n2AoTf8hpahL2kamXRaxe07Ycc7olaFolTTmz74heoNPYWCoMgWoemLoqMol"
              }
            ],
            "sticky_settings": [],
            "storage_account": [],
            "tags": {
              "created_By": "None",
              "created_Date": "14-08-2024"
            },
            "timeouts": null,
            "virtual_network_subnet_id": "",
            "webdeploy_publish_basic_authentication_enabled": true,
            "zip_deploy_file": ""
          },
          "sensitive_attributes": [
            [
              {
                "type": "get_attr",
                "value": "site_config"
              },
              {
                "type": "index",
                "value": {
                  "value": 0,
                  "type": "number"
                }
              },
              {
                "type": "get_attr",
                "value": "ip_restriction"
              },
              {
                "type": "index",
                "value": {
                  "value": 0,
                  "type": "number"
                }
              },
              {
                "type": "get_attr",
                "value": "virtual_network_subnet_id"
              }
            ]
          ],
          "private": "eyJlMmJmYjczMC1lY2FhLTExZTYtOGY4OC0zNDM2M2JjN2M0YzAiOnsiY3JlYXRlIjoxODAwMDAwMDAwMDAwLCJkZWxldGUiOjE4MDAwMDAwMDAwMDAsInJlYWQiOjMwMDAwMDAwMDAwMCwidXBkYXRlIjoxODAwMDAwMDAwMDAwfSwic2NoZW1hX3ZlcnNpb24iOiIxIn0=",
          "dependencies": [
            "azurerm_resource_group.web-RG",
            "azurerm_service_plan.service_plan",
            "module.Virtual_Network.azurerm_subnet.App_gateway_subnet",
            "module.Virtual_Network.azurerm_virtual_network.Aztek_Vnet"
          ]
        }
      ]
    }
  ],
  "check_results": null
}
